<Solution>
  <Folder Name="/Solution Items/">
    <File Path="Directory.Build.props" />
    <File Path="Directory.Packages.props" />
    <File Path="icon.png" />
    <File Path="publish.cmd" />
    <File Path="push-local.cmd" />
    <File Path="README.md" />
    <File Path="Version.props" />
  </Folder>
  <Project Path="samples/GettingStartedExample/GettingStartedExample.csproj" />
  <Project Path="src/Annotations/Annotations.csproj" Id="513f0034-7d9d-4424-b07f-f021a9e8d356" />
  <Project Path="src/PropertyAccessorGenerator/PropertyAccessorGenerator.csproj" />
</Solution>
